
Microsoft Visual Studio Solution File, Format Version 12.00
# Visual Studio Version 16
VisualStudioVersion = 16.0.31112.23
MinimumVisualStudioVersion = 10.0.40219.1
Project("{FAE04EC0-301F-11D3-BF4B-00C04F79EFBC}") = "courseproject", "courseproject\courseproject.csproj", "{AF5EE4FF-7EF4-4ABB-A4A3-5A38E85839AD}"
EndProject
Global
	GlobalSection(SolutionConfigurationPlatforms) = preSolution
		Debug|Any CPU = Debug|Any CPU
		Release|Any CPU = Release|Any CPU
	EndGlobalSection
	GlobalSection(ProjectConfigurationPlatforms) = postSolution
		{AF5EE4FF-7EF4-4ABB-A4A3-5A38E85839AD}.Debug|Any CPU.ActiveCfg = Debug|Any CPU
		{AF5EE4FF-7EF4-4ABB-A4A3-5A38E85839AD}.Debug|Any CPU.Build.0 = Debug|Any CPU
		{AF5EE4FF-7EF4-4ABB-A4A3-5A38E85839AD}.Release|Any CPU.ActiveCfg = Release|Any CPU
		{AF5EE4FF-7EF4-4ABB-A4A3-5A38E85839AD}.Release|Any CPU.Build.0 = Release|Any CPU
	EndGlobalSection
	GlobalSection(SolutionProperties) = preSolution
		HideSolutionNode = FALSE
	EndGlobalSection
	GlobalSection(ExtensibilityGlobals) = postSolution
		SolutionGuid = {4E6BD683-DD55-4576-AA3D-29008EBB6708}
	EndGlobalSection
EndGlobal
